
Microsoft Visual Studio Solution File, Format Version 12.00
# Visual Studio Version 16
VisualStudioVersion = 16.0.31729.503
MinimumVisualStudioVersion = 10.0.40219.1
Project("{FAE04EC0-301F-11D3-BF4B-00C04F79EFBC}") = "Calculator.ProductSystem", "Calculator.ProductSystem.csproj", "{AF987F00-AFF5-4626-9C8D-00A7E89977BE}"
EndProject
Global
	GlobalSection(SolutionConfigurationPlatforms) = preSolution
		Debug|Any CPU = Debug|Any CPU
		Release|Any CPU = Release|Any CPU
	EndGlobalSection
	GlobalSection(ProjectConfigurationPlatforms) = postSolution
		{AF987F00-AFF5-4626-9C8D-00A7E89977BE}.Debug|Any CPU.ActiveCfg = Debug|Any CPU
		{AF987F00-AFF5-4626-9C8D-00A7E89977BE}.Debug|Any CPU.Build.0 = Debug|Any CPU
		{AF987F00-AFF5-4626-9C8D-00A7E89977BE}.Release|Any CPU.ActiveCfg = Release|Any CPU
		{AF987F00-AFF5-4626-9C8D-00A7E89977BE}.Release|Any CPU.Build.0 = Release|Any CPU
	EndGlobalSection
	GlobalSection(SolutionProperties) = preSolution
		HideSolutionNode = FALSE
	EndGlobalSection
	GlobalSection(ExtensibilityGlobals) = postSolution
		SolutionGuid = {51E2E622-7BD2-4025-A85E-1B5936F7371C}
	EndGlobalSection
EndGlobal
